// !$*UTF8*$!
{
	archiveVersion = 1;
	classes = {
	};
	objectVersion = 50;
	objects = {

/* Begin PBXBuildFile section */
		500B82C521B926E300A6CC2B /* AppDelegate.swift in Sources */ = {isa = PBXBuildFile; fileRef = 500B82C421B926E300A6CC2B /* AppDelegate.swift */; };
		500B82CA21B926E300A6CC2B /* Main.storyboard in Resources */ = {isa = PBXBuildFile; fileRef = 500B82C821B926E300A6CC2B /* Main.storyboard */; };
		500B82CC21B926E500A6CC2B /* Assets.xcassets in Resources */ = {isa = PBXBuildFile; fileRef = 500B82CB21B926E500A6CC2B /* Assets.xcassets */; };
		500B82CF21B926E500A6CC2B /* LaunchScreen.storyboard in Resources */ = {isa = PBXBuildFile; fileRef = 500B82CD21B926E500A6CC2B /* LaunchScreen.storyboard */; };
		500B82F521B92F7300A6CC2B /* SWRevealViewController.m in Sources */ = {isa = PBXBuildFile; fileRef = 500B82F321B92F7300A6CC2B /* SWRevealViewController.m */; };
		500B82F821B9408300A6CC2B /* RestaurantViewController.swift in Sources */ = {isa = PBXBuildFile; fileRef = 500B82F721B9408300A6CC2B /* RestaurantViewController.swift */; };
		500B82FA21B9452800A6CC2B /* CustomerMenuTableViewController.swift in Sources */ = {isa = PBXBuildFile; fileRef = 500B82F921B9452800A6CC2B /* CustomerMenuTableViewController.swift */; };
		500B82FC21B96B0400A6CC2B /* MealListTableViewController.swift in Sources */ = {isa = PBXBuildFile; fileRef = 500B82FB21B96B0400A6CC2B /* MealListTableViewController.swift */; };
		500B82FE21B975C300A6CC2B /* MealDetailsViewController.swift in Sources */ = {isa = PBXBuildFile; fileRef = 500B82FD21B975C300A6CC2B /* MealDetailsViewController.swift */; };
		500B830021B9852E00A6CC2B /* TrayViewController.swift in Sources */ = {isa = PBXBuildFile; fileRef = 500B82FF21B9852E00A6CC2B /* TrayViewController.swift */; };
		500B830321B9875B00A6CC2B /* MapKit.framework in Frameworks */ = {isa = PBXBuildFile; fileRef = 500B830221B9875B00A6CC2B /* MapKit.framework */; };
		5028D1A221B98D9100400A39 /* PaymentViewController.swift in Sources */ = {isa = PBXBuildFile; fileRef = 5028D1A121B98D9100400A39 /* PaymentViewController.swift */; };
		50B2479821C00F0800C43340 /* User.swift in Sources */ = {isa = PBXBuildFile; fileRef = 50B2479721C00F0800C43340 /* User.swift */; };
		50CCE05121C2776D00BDE0E5 /* Constants.swift in Sources */ = {isa = PBXBuildFile; fileRef = 50CCE05021C2776D00BDE0E5 /* Constants.swift */; };
		50CEF23021BEC2C60098FB19 /* FBManager.swift in Sources */ = {isa = PBXBuildFile; fileRef = 50CEF22F21BEC2C60098FB19 /* FBManager.swift */; };
		50CEF23821BED7680098FB19 /* LoginViewController.swift in Sources */ = {isa = PBXBuildFile; fileRef = 50CEF23721BED7680098FB19 /* LoginViewController.swift */; };
		50D6B02D21C16C0D009D946D /* APIManager.swift in Sources */ = {isa = PBXBuildFile; fileRef = 50D6B02C21C16C0D009D946D /* APIManager.swift */; };
		932C329B376B1E39B205E6DD /* Pods_FoodTaskerMobile.framework in Frameworks */ = {isa = PBXBuildFile; fileRef = 84402A01A275065CE20C71E3 /* Pods_FoodTaskerMobile.framework */; };
		EB3EB50221BC499C007DE95E /* OrderViewController.swift in Sources */ = {isa = PBXBuildFile; fileRef = EB3EB50121BC499C007DE95E /* OrderViewController.swift */; };
		EBA995C121C6A21F004DE069 /* Restaurant.swift in Sources */ = {isa = PBXBuildFile; fileRef = EBA995C021C6A21F004DE069 /* Restaurant.swift */; };
		EBA995C621C6AE8A004DE069 /* RestaurantViewCell.swift in Sources */ = {isa = PBXBuildFile; fileRef = EBA995C521C6AE8A004DE069 /* RestaurantViewCell.swift */; };
/* End PBXBuildFile section */

/* Begin PBXContainerItemProxy section */
		500B82D621B926E500A6CC2B /* PBXContainerItemProxy */ = {
			isa = PBXContainerItemProxy;
			containerPortal = 500B82B921B926E300A6CC2B /* Project object */;
			proxyType = 1;
			remoteGlobalIDString = 500B82C021B926E300A6CC2B;
			remoteInfo = FoodTaskerMobile;
		};
		500B82E121B926E500A6CC2B /* PBXContainerItemProxy */ = {
			isa = PBXContainerItemProxy;
			containerPortal = 500B82B921B926E300A6CC2B /* Project object */;
			proxyType = 1;
			remoteGlobalIDString = 500B82C021B926E300A6CC2B;
			remoteInfo = FoodTaskerMobile;
		};
/* End PBXContainerItemProxy section */

/* Begin PBXFileReference section */
		500B82C121B926E300A6CC2B /* FoodTaskerMobile.app */ = {isa = PBXFileReference; explicitFileType = wrapper.application; includeInIndex = 0; path = FoodTaskerMobile.app; sourceTree = BUILT_PRODUCTS_DIR; };
		500B82C421B926E300A6CC2B /* AppDelegate.swift */ = {isa = PBXFileReference; lastKnownFileType = sourcecode.swift; path = AppDelegate.swift; sourceTree = "<group>"; };
		500B82C921B926E300A6CC2B /* Base */ = {isa = PBXFileReference; lastKnownFileType = file.storyboard; name = Base; path = Base.lproj/Main.storyboard; sourceTree = "<group>"; };
		500B82CB21B926E500A6CC2B /* Assets.xcassets */ = {isa = PBXFileReference; lastKnownFileType = folder.assetcatalog; path = Assets.xcassets; sourceTree = "<group>"; };
		500B82CE21B926E500A6CC2B /* Base */ = {isa = PBXFileReference; lastKnownFileType = file.storyboard; name = Base; path = Base.lproj/LaunchScreen.storyboard; sourceTree = "<group>"; };
		500B82D021B926E500A6CC2B /* Info.plist */ = {isa = PBXFileReference; lastKnownFileType = text.plist.xml; path = Info.plist; sourceTree = "<group>"; };
		500B82D521B926E500A6CC2B /* FoodTaskerMobileTests.xctest */ = {isa = PBXFileReference; explicitFileType = wrapper.cfbundle; includeInIndex = 0; path = FoodTaskerMobileTests.xctest; sourceTree = BUILT_PRODUCTS_DIR; };
		500B82E021B926E500A6CC2B /* FoodTaskerMobileUITests.xctest */ = {isa = PBXFileReference; explicitFileType = wrapper.cfbundle; includeInIndex = 0; path = FoodTaskerMobileUITests.xctest; sourceTree = BUILT_PRODUCTS_DIR; };
		500B82F221B92F7200A6CC2B /* FoodTaskerMobile-Bridging-Header.h */ = {isa = PBXFileReference; lastKnownFileType = sourcecode.c.h; path = "FoodTaskerMobile-Bridging-Header.h"; sourceTree = "<group>"; };
		500B82F321B92F7300A6CC2B /* SWRevealViewController.m */ = {isa = PBXFileReference; fileEncoding = 4; lastKnownFileType = sourcecode.c.objc; path = SWRevealViewController.m; sourceTree = "<group>"; };
		500B82F421B92F7300A6CC2B /* SWRevealViewController.h */ = {isa = PBXFileReference; fileEncoding = 4; lastKnownFileType = sourcecode.c.h; path = SWRevealViewController.h; sourceTree = "<group>"; };
		500B82F721B9408300A6CC2B /* RestaurantViewController.swift */ = {isa = PBXFileReference; lastKnownFileType = sourcecode.swift; path = RestaurantViewController.swift; sourceTree = "<group>"; };
		500B82F921B9452800A6CC2B /* CustomerMenuTableViewController.swift */ = {isa = PBXFileReference; lastKnownFileType = sourcecode.swift; path = CustomerMenuTableViewController.swift; sourceTree = "<group>"; };
		500B82FB21B96B0400A6CC2B /* MealListTableViewController.swift */ = {isa = PBXFileReference; lastKnownFileType = sourcecode.swift; path = MealListTableViewController.swift; sourceTree = "<group>"; };
		500B82FD21B975C300A6CC2B /* MealDetailsViewController.swift */ = {isa = PBXFileReference; lastKnownFileType = sourcecode.swift; path = MealDetailsViewController.swift; sourceTree = "<group>"; };
		500B82FF21B9852E00A6CC2B /* TrayViewController.swift */ = {isa = PBXFileReference; lastKnownFileType = sourcecode.swift; path = TrayViewController.swift; sourceTree = "<group>"; };
		500B830221B9875B00A6CC2B /* MapKit.framework */ = {isa = PBXFileReference; lastKnownFileType = wrapper.framework; name = MapKit.framework; path = System/Library/Frameworks/MapKit.framework; sourceTree = SDKROOT; };
		5028D1A121B98D9100400A39 /* PaymentViewController.swift */ = {isa = PBXFileReference; lastKnownFileType = sourcecode.swift; path = PaymentViewController.swift; sourceTree = "<group>"; };
		50B2479721C00F0800C43340 /* User.swift */ = {isa = PBXFileReference; lastKnownFileType = sourcecode.swift; path = User.swift; sourceTree = "<group>"; };
		50CCE05021C2776D00BDE0E5 /* Constants.swift */ = {isa = PBXFileReference; lastKnownFileType = sourcecode.swift; path = Constants.swift; sourceTree = "<group>"; };
		50CEF22E21BEC01B0098FB19 /* FoodTaskerMobile.entitlements */ = {isa = PBXFileReference; lastKnownFileType = text.plist.entitlements; path = FoodTaskerMobile.entitlements; sourceTree = "<group>"; };
		50CEF22F21BEC2C60098FB19 /* FBManager.swift */ = {isa = PBXFileReference; lastKnownFileType = sourcecode.swift; path = FBManager.swift; sourceTree = "<group>"; };
		50CEF23721BED7680098FB19 /* LoginViewController.swift */ = {isa = PBXFileReference; lastKnownFileType = sourcecode.swift; path = LoginViewController.swift; sourceTree = "<group>"; };
		50D6B02C21C16C0D009D946D /* APIManager.swift */ = {isa = PBXFileReference; lastKnownFileType = sourcecode.swift; path = APIManager.swift; sourceTree = "<group>"; };
		84402A01A275065CE20C71E3 /* Pods_FoodTaskerMobile.framework */ = {isa = PBXFileReference; explicitFileType = wrapper.framework; includeInIndex = 0; path = Pods_FoodTaskerMobile.framework; sourceTree = BUILT_PRODUCTS_DIR; };
		9CCF35DC258A6DCC1F80684F /* Pods-FoodTaskerMobile.debug.xcconfig */ = {isa = PBXFileReference; includeInIndex = 1; lastKnownFileType = text.xcconfig; name = "Pods-FoodTaskerMobile.debug.xcconfig"; path = "Target Support Files/Pods-FoodTaskerMobile/Pods-FoodTaskerMobile.debug.xcconfig"; sourceTree = "<group>"; };
		D3B34FB79CCC430A43211EAE /* Pods-FoodTaskerMobile.release.xcconfig */ = {isa = PBXFileReference; includeInIndex = 1; lastKnownFileType = text.xcconfig; name = "Pods-FoodTaskerMobile.release.xcconfig"; path = "Target Support Files/Pods-FoodTaskerMobile/Pods-FoodTaskerMobile.release.xcconfig"; sourceTree = "<group>"; };
		EB3EB50121BC499C007DE95E /* OrderViewController.swift */ = {isa = PBXFileReference; lastKnownFileType = sourcecode.swift; path = OrderViewController.swift; sourceTree = "<group>"; };
		EBA995C021C6A21F004DE069 /* Restaurant.swift */ = {isa = PBXFileReference; lastKnownFileType = sourcecode.swift; path = Restaurant.swift; sourceTree = "<group>"; };
		EBA995C521C6AE8A004DE069 /* RestaurantViewCell.swift */ = {isa = PBXFileReference; lastKnownFileType = sourcecode.swift; name = RestaurantViewCell.swift; path = FoodTaskerMobile/Model/RestaurantViewCell.swift; sourceTree = SOURCE_ROOT; };
/* End PBXFileReference section */

/* Begin PBXFrameworksBuildPhase section */
		500B82BE21B926E300A6CC2B /* Frameworks */ = {
			isa = PBXFrameworksBuildPhase;
			buildActionMask = 2147483647;
			files = (
				500B830321B9875B00A6CC2B /* MapKit.framework in Frameworks */,
				932C329B376B1E39B205E6DD /* Pods_FoodTaskerMobile.framework in Frameworks */,
			);
			runOnlyForDeploymentPostprocessing = 0;
		};
		500B82D221B926E500A6CC2B /* Frameworks */ = {
			isa = PBXFrameworksBuildPhase;
			buildActionMask = 2147483647;
			files = (
			);
			runOnlyForDeploymentPostprocessing = 0;
		};
		500B82DD21B926E500A6CC2B /* Frameworks */ = {
			isa = PBXFrameworksBuildPhase;
			buildActionMask = 2147483647;
			files = (
			);
			runOnlyForDeploymentPostprocessing = 0;
		};
/* End PBXFrameworksBuildPhase section */

/* Begin PBXGroup section */
		45E534569EE88C6CF7CD218C /* Pods */ = {
			isa = PBXGroup;
			children = (
				9CCF35DC258A6DCC1F80684F /* Pods-FoodTaskerMobile.debug.xcconfig */,
				D3B34FB79CCC430A43211EAE /* Pods-FoodTaskerMobile.release.xcconfig */,
			);
			path = Pods;
			sourceTree = "<group>";
		};
		500B82B821B926E300A6CC2B = {
			isa = PBXGroup;
			children = (
				500B82C321B926E300A6CC2B /* FoodTaskerMobile */,
				500B82C221B926E300A6CC2B /* Products */,
				500B830121B9875B00A6CC2B /* Frameworks */,
				45E534569EE88C6CF7CD218C /* Pods */,
			);
			sourceTree = "<group>";
		};
		500B82C221B926E300A6CC2B /* Products */ = {
			isa = PBXGroup;
			children = (
				500B82C121B926E300A6CC2B /* FoodTaskerMobile.app */,
				500B82D521B926E500A6CC2B /* FoodTaskerMobileTests.xctest */,
				500B82E021B926E500A6CC2B /* FoodTaskerMobileUITests.xctest */,
			);
			name = Products;
			sourceTree = "<group>";
		};
		500B82C321B926E300A6CC2B /* FoodTaskerMobile */ = {
			isa = PBXGroup;
			children = (
				50D6B02B21C16B61009D946D /* Manager */,
				50D6B02A21C16B58009D946D /* Controller */,
				50D6B02921C16B50009D946D /* View */,
				50D6B02821C16B3C009D946D /* Model */,
				50CEF22E21BEC01B0098FB19 /* FoodTaskerMobile.entitlements */,
				500B82F621B92F9100A6CC2B /* Lib */,
				500B82C421B926E300A6CC2B /* AppDelegate.swift */,
				500B82C821B926E300A6CC2B /* Main.storyboard */,
				500B82CB21B926E500A6CC2B /* Assets.xcassets */,
				500B82CD21B926E500A6CC2B /* LaunchScreen.storyboard */,
				500B82D021B926E500A6CC2B /* Info.plist */,
			);
			path = FoodTaskerMobile;
			sourceTree = "<group>";
		};
		500B82F621B92F9100A6CC2B /* Lib */ = {
			isa = PBXGroup;
			children = (
				500B82F421B92F7300A6CC2B /* SWRevealViewController.h */,
				500B82F321B92F7300A6CC2B /* SWRevealViewController.m */,
				500B82F221B92F7200A6CC2B /* FoodTaskerMobile-Bridging-Header.h */,
			);
			path = Lib;
			sourceTree = "<group>";
		};
		500B830121B9875B00A6CC2B /* Frameworks */ = {
			isa = PBXGroup;
			children = (
				500B830221B9875B00A6CC2B /* MapKit.framework */,
				84402A01A275065CE20C71E3 /* Pods_FoodTaskerMobile.framework */,
			);
			name = Frameworks;
			sourceTree = "<group>";
		};
		50D6B02821C16B3C009D946D /* Model */ = {
			isa = PBXGroup;
			children = (
				50B2479721C00F0800C43340 /* User.swift */,
				EBA995C021C6A21F004DE069 /* Restaurant.swift */,
			);
			path = Model;
			sourceTree = "<group>";
		};
		50D6B02921C16B50009D946D /* View */ = {
			isa = PBXGroup;
			children = (
				EBA995C521C6AE8A004DE069 /* RestaurantViewCell.swift */,
			);
			path = View;
			sourceTree = "<group>";
		};
		50D6B02A21C16B58009D946D /* Controller */ = {
			isa = PBXGroup;
			children = (
				50CEF23721BED7680098FB19 /* LoginViewController.swift */,
				500B82F721B9408300A6CC2B /* RestaurantViewController.swift */,
				500B82F921B9452800A6CC2B /* CustomerMenuTableViewController.swift */,
				500B82FB21B96B0400A6CC2B /* MealListTableViewController.swift */,
				500B82FD21B975C300A6CC2B /* MealDetailsViewController.swift */,
				500B82FF21B9852E00A6CC2B /* TrayViewController.swift */,
				5028D1A121B98D9100400A39 /* PaymentViewController.swift */,
				EB3EB50121BC499C007DE95E /* OrderViewController.swift */,
			);
			path = Controller;
			sourceTree = "<group>";
		};
		50D6B02B21C16B61009D946D /* Manager */ = {
			isa = PBXGroup;
			children = (
				50CEF22F21BEC2C60098FB19 /* FBManager.swift */,
				50D6B02C21C16C0D009D946D /* APIManager.swift */,
				50CCE05021C2776D00BDE0E5 /* Constants.swift */,
			);
			path = Manager;
			sourceTree = "<group>";
		};
/* End PBXGroup section */

/* Begin PBXNativeTarget section */
		500B82C021B926E300A6CC2B /* FoodTaskerMobile */ = {
			isa = PBXNativeTarget;
			buildConfigurationList = 500B82E921B926E500A6CC2B /* Build configuration list for PBXNativeTarget "FoodTaskerMobile" */;
			buildPhases = (
				E0D215ADE04BB9778388D9B7 /* [CP] Check Pods Manifest.lock */,
				500B82BD21B926E300A6CC2B /* Sources */,
				500B82BE21B926E300A6CC2B /* Frameworks */,
				500B82BF21B926E300A6CC2B /* Resources */,
				775AD138D7AF08DDC5591CC9 /* [CP] Embed Pods Frameworks */,
			);
			buildRules = (
			);
			dependencies = (
			);
			name = FoodTaskerMobile;
			productName = FoodTaskerMobile;
			productReference = 500B82C121B926E300A6CC2B /* FoodTaskerMobile.app */;
			productType = "com.apple.product-type.application";
		};
		500B82D421B926E500A6CC2B /* FoodTaskerMobileTests */ = {
			isa = PBXNativeTarget;
			buildConfigurationList = 500B82EC21B926E500A6CC2B /* Build configuration list for PBXNativeTarget "FoodTaskerMobileTests" */;
			buildPhases = (
				500B82D121B926E500A6CC2B /* Sources */,
				500B82D221B926E500A6CC2B /* Frameworks */,
				500B82D321B926E500A6CC2B /* Resources */,
			);
			buildRules = (
			);
			dependencies = (
				500B82D721B926E500A6CC2B /* PBXTargetDependency */,
			);
			name = FoodTaskerMobileTests;
			productName = FoodTaskerMobileTests;
			productReference = 500B82D521B926E500A6CC2B /* FoodTaskerMobileTests.xctest */;
			productType = "com.apple.product-type.bundle.unit-test";
		};
		500B82DF21B926E500A6CC2B /* FoodTaskerMobileUITests */ = {
			isa = PBXNativeTarget;
			buildConfigurationList = 500B82EF21B926E500A6CC2B /* Build configuration list for PBXNativeTarget "FoodTaskerMobileUITests" */;
			buildPhases = (
				500B82DC21B926E500A6CC2B /* Sources */,
				500B82DD21B926E500A6CC2B /* Frameworks */,
				500B82DE21B926E500A6CC2B /* Resources */,
			);
			buildRules = (
			);
			dependencies = (
				500B82E221B926E500A6CC2B /* PBXTargetDependency */,
			);
			name = FoodTaskerMobileUITests;
			productName = FoodTaskerMobileUITests;
			productReference = 500B82E021B926E500A6CC2B /* FoodTaskerMobileUITests.xctest */;
			productType = "com.apple.product-type.bundle.ui-testing";
		};
/* End PBXNativeTarget section */

/* Begin PBXProject section */
		500B82B921B926E300A6CC2B /* Project object */ = {
			isa = PBXProject;
			attributes = {
				LastSwiftUpdateCheck = 1010;
				LastUpgradeCheck = 1010;
				ORGANIZATIONNAME = "Макс";
				TargetAttributes = {
					500B82C021B926E300A6CC2B = {
						CreatedOnToolsVersion = 10.1;
						LastSwiftMigration = 1010;
						SystemCapabilities = {
							com.apple.Keychain = {
								enabled = 1;
							};
						};
					};
					500B82D421B926E500A6CC2B = {
						CreatedOnToolsVersion = 10.1;
						TestTargetID = 500B82C021B926E300A6CC2B;
					};
					500B82DF21B926E500A6CC2B = {
						CreatedOnToolsVersion = 10.1;
						TestTargetID = 500B82C021B926E300A6CC2B;
					};
				};
			};
			buildConfigurationList = 500B82BC21B926E300A6CC2B /* Build configuration list for PBXProject "FoodTaskerMobile" */;
			compatibilityVersion = "Xcode 9.3";
			developmentRegion = en;
			hasScannedForEncodings = 0;
			knownRegions = (
				en,
				Base,
			);
			mainGroup = 500B82B821B926E300A6CC2B;
			productRefGroup = 500B82C221B926E300A6CC2B /* Products */;
			projectDirPath = "";
			projectRoot = "";
			targets = (
				500B82C021B926E300A6CC2B /* FoodTaskerMobile */,
				500B82D421B926E500A6CC2B /* FoodTaskerMobileTests */,
				500B82DF21B926E500A6CC2B /* FoodTaskerMobileUITests */,
			);
		};
/* End PBXProject section */

/* Begin PBXResourcesBuildPhase section */
		500B82BF21B926E300A6CC2B /* Resources */ = {
			isa = PBXResourcesBuildPhase;
			buildActionMask = 2147483647;
			files = (
				500B82CF21B926E500A6CC2B /* LaunchScreen.storyboard in Resources */,
				500B82CC21B926E500A6CC2B /* Assets.xcassets in Resources */,
				500B82CA21B926E300A6CC2B /* Main.storyboard in Resources */,
			);
			runOnlyForDeploymentPostprocessing = 0;
		};
		500B82D321B926E500A6CC2B /* Resources */ = {
			isa = PBXResourcesBuildPhase;
			buildActionMask = 2147483647;
			files = (
			);
			runOnlyForDeploymentPostprocessing = 0;
		};
		500B82DE21B926E500A6CC2B /* Resources */ = {
			isa = PBXResourcesBuildPhase;
			buildActionMask = 2147483647;
			files = (
			);
			runOnlyForDeploymentPostprocessing = 0;
		};
/* End PBXResourcesBuildPhase section */

/* Begin PBXShellScriptBuildPhase section */
		775AD138D7AF08DDC5591CC9 /* [CP] Embed Pods Frameworks */ = {
			isa = PBXShellScriptBuildPhase;
			buildActionMask = 2147483647;
			files = (
			);
			inputFileListPaths = (
			);
			inputPaths = (
				"${PODS_ROOT}/Target Support Files/Pods-FoodTaskerMobile/Pods-FoodTaskerMobile-frameworks.sh",
				"${BUILT_PRODUCTS_DIR}/Alamofire/Alamofire.framework",
				"${BUILT_PRODUCTS_DIR}/Bolts/Bolts.framework",
				"${BUILT_PRODUCTS_DIR}/FBSDKCoreKit/FBSDKCoreKit.framework",
				"${BUILT_PRODUCTS_DIR}/FBSDKLoginKit/FBSDKLoginKit.framework",
				"${BUILT_PRODUCTS_DIR}/FBSDKShareKit/FBSDKShareKit.framework",
				"${BUILT_PRODUCTS_DIR}/Stripe/Stripe.framework",
				"${BUILT_PRODUCTS_DIR}/SwiftyJSON/SwiftyJSON.framework",
			);
			name = "[CP] Embed Pods Frameworks";
			outputFileListPaths = (
			);
			outputPaths = (
				"${TARGET_BUILD_DIR}/${FRAMEWORKS_FOLDER_PATH}/Alamofire.framework",
				"${TARGET_BUILD_DIR}/${FRAMEWORKS_FOLDER_PATH}/Bolts.framework",
				"${TARGET_BUILD_DIR}/${FRAMEWORKS_FOLDER_PATH}/FBSDKCoreKit.framework",
				"${TARGET_BUILD_DIR}/${FRAMEWORKS_FOLDER_PATH}/FBSDKLoginKit.framework",
				"${TARGET_BUILD_DIR}/${FRAMEWORKS_FOLDER_PATH}/FBSDKShareKit.framework",
				"${TARGET_BUILD_DIR}/${FRAMEWORKS_FOLDER_PATH}/Stripe.framework",
				"${TARGET_BUILD_DIR}/${FRAMEWORKS_FOLDER_PATH}/SwiftyJSON.framework",
			);
			runOnlyForDeploymentPostprocessing = 0;
			shellPath = /bin/sh;
			shellScript = "\"${PODS_ROOT}/Target Support Files/Pods-FoodTaskerMobile/Pods-FoodTaskerMobile-frameworks.sh\"\n";
			showEnvVarsInLog = 0;
		};
		E0D215ADE04BB9778388D9B7 /* [CP] Check Pods Manifest.lock */ = {
			isa = PBXShellScriptBuildPhase;
			buildActionMask = 2147483647;
			files = (
			);
			inputFileListPaths = (
			);
			inputPaths = (
				"${PODS_PODFILE_DIR_PATH}/Podfile.lock",
				"${PODS_ROOT}/Manifest.lock",
			);
			name = "[CP] Check Pods Manifest.lock";
			outputFileListPaths = (
			);
			outputPaths = (
				"$(DERIVED_FILE_DIR)/Pods-FoodTaskerMobile-checkManifestLockResult.txt",
			);
			runOnlyForDeploymentPostprocessing = 0;
			shellPath = /bin/sh;
			shellScript = "diff \"${PODS_PODFILE_DIR_PATH}/Podfile.lock\" \"${PODS_ROOT}/Manifest.lock\" > /dev/null\nif [ $? != 0 ] ; then\n    # print error to STDERR\n    echo \"error: The sandbox is not in sync with the Podfile.lock. Run 'pod install' or update your CocoaPods installation.\" >&2\n    exit 1\nfi\n# This output is used by Xcode 'outputs' to avoid re-running this script phase.\necho \"SUCCESS\" > \"${SCRIPT_OUTPUT_FILE_0}\"\n";
			showEnvVarsInLog = 0;
		};
/* End PBXShellScriptBuildPhase section */

/* Begin PBXSourcesBuildPhase section */
		500B82BD21B926E300A6CC2B /* Sources */ = {
			isa = PBXSourcesBuildPhase;
			buildActionMask = 2147483647;
			files = (
				50B2479821C00F0800C43340 /* User.swift in Sources */,
				50CEF23821BED7680098FB19 /* LoginViewController.swift in Sources */,
				50CEF23021BEC2C60098FB19 /* FBManager.swift in Sources */,
				EB3EB50221BC499C007DE95E /* OrderViewController.swift in Sources */,
				500B82FE21B975C300A6CC2B /* MealDetailsViewController.swift in Sources */,
				EBA995C121C6A21F004DE069 /* Restaurant.swift in Sources */,
				500B830021B9852E00A6CC2B /* TrayViewController.swift in Sources */,
				500B82F821B9408300A6CC2B /* RestaurantViewController.swift in Sources */,
				EBA995C621C6AE8A004DE069 /* RestaurantViewCell.swift in Sources */,
				500B82FC21B96B0400A6CC2B /* MealListTableViewController.swift in Sources */,
				500B82C521B926E300A6CC2B /* AppDelegate.swift in Sources */,
				500B82FA21B9452800A6CC2B /* CustomerMenuTableViewController.swift in Sources */,
				50D6B02D21C16C0D009D946D /* APIManager.swift in Sources */,
				50CCE05121C2776D00BDE0E5 /* Constants.swift in Sources */,
				5028D1A221B98D9100400A39 /* PaymentViewController.swift in Sources */,
				500B82F521B92F7300A6CC2B /* SWRevealViewController.m in Sources */,
			);
			runOnlyForDeploymentPostprocessing = 0;
		};
		500B82D121B926E500A6CC2B /* Sources */ = {
			isa = PBXSourcesBuildPhase;
			buildActionMask = 2147483647;
			files = (
			);
			runOnlyForDeploymentPostprocessing = 0;
		};
		500B82DC21B926E500A6CC2B /* Sources */ = {
			isa = PBXSourcesBuildPhase;
			buildActionMask = 2147483647;
			files = (
			);
			runOnlyForDeploymentPostprocessing = 0;
		};
/* End PBXSourcesBuildPhase section */

/* Begin PBXTargetDependency section */
		500B82D721B926E500A6CC2B /* PBXTargetDependency */ = {
			isa = PBXTargetDependency;
			target = 500B82C021B926E300A6CC2B /* FoodTaskerMobile */;
			targetProxy = 500B82D621B926E500A6CC2B /* PBXContainerItemProxy */;
		};
		500B82E221B926E500A6CC2B /* PBXTargetDependency */ = {
			isa = PBXTargetDependency;
			target = 500B82C021B926E300A6CC2B /* FoodTaskerMobile */;
			targetProxy = 500B82E121B926E500A6CC2B /* PBXContainerItemProxy */;
		};
/* End PBXTargetDependency section */

/* Begin PBXVariantGroup section */
		500B82C821B926E300A6CC2B /* Main.storyboard */ = {
			isa = PBXVariantGroup;
			children = (
				500B82C921B926E300A6CC2B /* Base */,
			);
			name = Main.storyboard;
			sourceTree = "<group>";
		};
		500B82CD21B926E500A6CC2B /* LaunchScreen.storyboard */ = {
			isa = PBXVariantGroup;
			children = (
				500B82CE21B926E500A6CC2B /* Base */,
			);
			name = LaunchScreen.storyboard;
			sourceTree = "<group>";
		};
/* End PBXVariantGroup section */

/* Begin XCBuildConfiguration section */
		500B82E721B926E500A6CC2B /* Debug */ = {
			isa = XCBuildConfiguration;
			buildSettings = {
				ALWAYS_SEARCH_USER_PATHS = NO;
				CLANG_ANALYZER_NONNULL = YES;
				CLANG_ANALYZER_NUMBER_OBJECT_CONVERSION = YES_AGGRESSIVE;
				CLANG_CXX_LANGUAGE_STANDARD = "gnu++14";
				CLANG_CXX_LIBRARY = "libc++";
				CLANG_ENABLE_MODULES = YES;
				CLANG_ENABLE_OBJC_ARC = YES;
				CLANG_ENABLE_OBJC_WEAK = YES;
				CLANG_WARN_BLOCK_CAPTURE_AUTORELEASING = YES;
				CLANG_WARN_BOOL_CONVERSION = YES;
				CLANG_WARN_COMMA = YES;
				CLANG_WARN_CONSTANT_CONVERSION = YES;
				CLANG_WARN_DEPRECATED_OBJC_IMPLEMENTATIONS = YES;
				CLANG_WARN_DIRECT_OBJC_ISA_USAGE = YES_ERROR;
				CLANG_WARN_DOCUMENTATION_COMMENTS = YES;
				CLANG_WARN_EMPTY_BODY = YES;
				CLANG_WARN_ENUM_CONVERSION = YES;
				CLANG_WARN_INFINITE_RECURSION = YES;
				CLANG_WARN_INT_CONVERSION = YES;
				CLANG_WARN_NON_LITERAL_NULL_CONVERSION = YES;
				CLANG_WARN_OBJC_IMPLICIT_RETAIN_SELF = YES;
				CLANG_WARN_OBJC_LITERAL_CONVERSION = YES;
				CLANG_WARN_OBJC_ROOT_CLASS = YES_ERROR;
				CLANG_WARN_RANGE_LOOP_ANALYSIS = YES;
				CLANG_WARN_STRICT_PROTOTYPES = YES;
				CLANG_WARN_SUSPICIOUS_MOVE = YES;
				CLANG_WARN_UNGUARDED_AVAILABILITY = YES_AGGRESSIVE;
				CLANG_WARN_UNREACHABLE_CODE = YES;
				CLANG_WARN__DUPLICATE_METHOD_MATCH = YES;
				CODE_SIGN_IDENTITY = "iPhone Developer";
				COPY_PHASE_STRIP = NO;
				DEBUG_INFORMATION_FORMAT = dwarf;
				ENABLE_STRICT_OBJC_MSGSEND = YES;
				ENABLE_TESTABILITY = NO;
				GCC_C_LANGUAGE_STANDARD = gnu11;
				GCC_DYNAMIC_NO_PIC = NO;
				GCC_NO_COMMON_BLOCKS = YES;
				GCC_OPTIMIZATION_LEVEL = 0;
				GCC_PREPROCESSOR_DEFINITIONS = (
					"DEBUG=1",
					"$(inherited)",
				);
				GCC_WARN_64_TO_32_BIT_CONVERSION = YES;
				GCC_WARN_ABOUT_RETURN_TYPE = YES_ERROR;
				GCC_WARN_UNDECLARED_SELECTOR = YES;
				GCC_WARN_UNINITIALIZED_AUTOS = YES_AGGRESSIVE;
				GCC_WARN_UNUSED_FUNCTION = YES;
				GCC_WARN_UNUSED_VARIABLE = YES;
				IPHONEOS_DEPLOYMENT_TARGET = 12.1;
				MTL_ENABLE_DEBUG_INFO = INCLUDE_SOURCE;
				MTL_FAST_MATH = YES;
				ONLY_ACTIVE_ARCH = YES;
				SDKROOT = iphoneos;
				SWIFT_ACTIVE_COMPILATION_CONDITIONS = DEBUG;
				SWIFT_OPTIMIZATION_LEVEL = "-Onone";
			};
			name = Debug;
		};
		500B82E821B926E500A6CC2B /* Release */ = {
			isa = XCBuildConfiguration;
			buildSettings = {
				ALWAYS_SEARCH_USER_PATHS = NO;
				CLANG_ANALYZER_NONNULL = YES;
				CLANG_ANALYZER_NUMBER_OBJECT_CONVERSION = YES_AGGRESSIVE;
				CLANG_CXX_LANGUAGE_STANDARD = "gnu++14";
				CLANG_CXX_LIBRARY = "libc++";
				CLANG_ENABLE_MODULES = YES;
				CLANG_ENABLE_OBJC_ARC = YES;
				CLANG_ENABLE_OBJC_WEAK = YES;
				CLANG_WARN_BLOCK_CAPTURE_AUTORELEASING = YES;
				CLANG_WARN_BOOL_CONVERSION = YES;
				CLANG_WARN_COMMA = YES;
				CLANG_WARN_CONSTANT_CONVERSION = YES;
				CLANG_WARN_DEPRECATED_OBJC_IMPLEMENTATIONS = YES;
				CLANG_WARN_DIRECT_OBJC_ISA_USAGE = YES_ERROR;
				CLANG_WARN_DOCUMENTATION_COMMENTS = YES;
				CLANG_WARN_EMPTY_BODY = YES;
				CLANG_WARN_ENUM_CONVERSION = YES;
				CLANG_WARN_INFINITE_RECURSION = YES;
				CLANG_WARN_INT_CONVERSION = YES;
				CLANG_WARN_NON_LITERAL_NULL_CONVERSION = YES;
				CLANG_WARN_OBJC_IMPLICIT_RETAIN_SELF = YES;
				CLANG_WARN_OBJC_LITERAL_CONVERSION = YES;
				CLANG_WARN_OBJC_ROOT_CLASS = YES_ERROR;
				CLANG_WARN_RANGE_LOOP_ANALYSIS = YES;
				CLANG_WARN_STRICT_PROTOTYPES = YES;
				CLANG_WARN_SUSPICIOUS_MOVE = YES;
				CLANG_WARN_UNGUARDED_AVAILABILITY = YES_AGGRESSIVE;
				CLANG_WARN_UNREACHABLE_CODE = YES;
				CLANG_WARN__DUPLICATE_METHOD_MATCH = YES;
				CODE_SIGN_IDENTITY = "iPhone Developer";
				COPY_PHASE_STRIP = NO;
				DEBUG_INFORMATION_FORMAT = "dwarf-with-dsym";
				ENABLE_NS_ASSERTIONS = NO;
				ENABLE_STRICT_OBJC_MSGSEND = YES;
				ENABLE_TESTABILITY = NO;
				GCC_C_LANGUAGE_STANDARD = gnu11;
				GCC_NO_COMMON_BLOCKS = YES;
				GCC_WARN_64_TO_32_BIT_CONVERSION = YES;
				GCC_WARN_ABOUT_RETURN_TYPE = YES_ERROR;
				GCC_WARN_UNDECLARED_SELECTOR = YES;
				GCC_WARN_UNINITIALIZED_AUTOS = YES_AGGRESSIVE;
				GCC_WARN_UNUSED_FUNCTION = YES;
				GCC_WARN_UNUSED_VARIABLE = YES;
				IPHONEOS_DEPLOYMENT_TARGET = 12.1;
				MTL_ENABLE_DEBUG_INFO = NO;
				MTL_FAST_MATH = YES;
				SDKROOT = iphoneos;
				SWIFT_COMPILATION_MODE = wholemodule;
				SWIFT_OPTIMIZATION_LEVEL = "-O";
				VALIDATE_PRODUCT = YES;
			};
			name = Release;
		};
		500B82EA21B926E500A6CC2B /* Debug */ = {
			isa = XCBuildConfiguration;
			baseConfigurationReference = 9CCF35DC258A6DCC1F80684F /* Pods-FoodTaskerMobile.debug.xcconfig */;
			buildSettings = {
				ASSETCATALOG_COMPILER_APPICON_NAME = AppIcon;
				CLANG_ENABLE_MODULES = YES;
				CODE_SIGN_ENTITLEMENTS = FoodTaskerMobile/FoodTaskerMobile.entitlements;
				CODE_SIGN_STYLE = Automatic;
				DEVELOPMENT_TEAM = VJ72TG9L7C;
				INFOPLIST_FILE = FoodTaskerMobile/Info.plist;
				LD_RUNPATH_SEARCH_PATHS = (
					"$(inherited)",
					"@executable_path/Frameworks",
				);
				PRODUCT_BUNDLE_IDENTIFIER = FoodTaskerMobile;
				PRODUCT_NAME = "$(TARGET_NAME)";
				SWIFT_OBJC_BRIDGING_HEADER = "FoodTaskerMobile/Lib/FoodTaskerMobile-Bridging-Header.h";
				SWIFT_OPTIMIZATION_LEVEL = "-Onone";
				SWIFT_VERSION = 4.2;
				TARGETED_DEVICE_FAMILY = "1,2";
			};
			name = Debug;
		};
		500B82EB21B926E500A6CC2B /* Release */ = {
			isa = XCBuildConfiguration;
			baseConfigurationReference = D3B34FB79CCC430A43211EAE /* Pods-FoodTaskerMobile.release.xcconfig */;
			buildSettings = {
				ASSETCATALOG_COMPILER_APPICON_NAME = AppIcon;
				CLANG_ENABLE_MODULES = YES;
				CODE_SIGN_ENTITLEMENTS = FoodTaskerMobile/FoodTaskerMobile.entitlements;
				CODE_SIGN_STYLE = Automatic;
				DEVELOPMENT_TEAM = VJ72TG9L7C;
				INFOPLIST_FILE = FoodTaskerMobile/Info.plist;
				LD_RUNPATH_SEARCH_PATHS = (
					"$(inherited)",
					"@executable_path/Frameworks",
				);
				PRODUCT_BUNDLE_IDENTIFIER = FoodTaskerMobile;
				PRODUCT_NAME = "$(TARGET_NAME)";
				SWIFT_OBJC_BRIDGING_HEADER = "FoodTaskerMobile/Lib/FoodTaskerMobile-Bridging-Header.h";
				SWIFT_VERSION = 4.2;
				TARGETED_DEVICE_FAMILY = "1,2";
			};
			name = Release;
		};
		500B82ED21B926E500A6CC2B /* Debug */ = {
			isa = XCBuildConfiguration;
			buildSettings = {
				ALWAYS_EMBED_SWIFT_STANDARD_LIBRARIES = YES;
				BUNDLE_LOADER = "$(TEST_HOST)";
				CODE_SIGN_STYLE = Automatic;
				DEVELOPMENT_TEAM = VJ72TG9L7C;
				INFOPLIST_FILE = FoodTaskerMobileTests/Info.plist;
				LD_RUNPATH_SEARCH_PATHS = (
					"$(inherited)",
					"@executable_path/Frameworks",
					"@loader_path/Frameworks",
				);
				PRODUCT_BUNDLE_IDENTIFIER = app.FoodTaskerMobileTests;
				PRODUCT_NAME = "$(TARGET_NAME)";
				SWIFT_VERSION = 4.2;
				TARGETED_DEVICE_FAMILY = "1,2";
				TEST_HOST = "$(BUILT_PRODUCTS_DIR)/FoodTaskerMobile.app/FoodTaskerMobile";
			};
			name = Debug;
		};
		500B82EE21B926E500A6CC2B /* Release */ = {
			isa = XCBuildConfiguration;
			buildSettings = {
				ALWAYS_EMBED_SWIFT_STANDARD_LIBRARIES = YES;
				BUNDLE_LOADER = "$(TEST_HOST)";
				CODE_SIGN_STYLE = Automatic;
				DEVELOPMENT_TEAM = VJ72TG9L7C;
				INFOPLIST_FILE = FoodTaskerMobileTests/Info.plist;
				LD_RUNPATH_SEARCH_PATHS = (
					"$(inherited)",
					"@executable_path/Frameworks",
					"@loader_path/Frameworks",
				);
				PRODUCT_BUNDLE_IDENTIFIER = app.FoodTaskerMobileTests;
				PRODUCT_NAME = "$(TARGET_NAME)";
				SWIFT_VERSION = 4.2;
				TARGETED_DEVICE_FAMILY = "1,2";
				TEST_HOST = "$(BUILT_PRODUCTS_DIR)/FoodTaskerMobile.app/FoodTaskerMobile";
			};
			name = Release;
		};
		500B82F021B926E500A6CC2B /* Debug */ = {
			isa = XCBuildConfiguration;
			buildSettings = {
				ALWAYS_EMBED_SWIFT_STANDARD_LIBRARIES = YES;
				CODE_SIGN_STYLE = Automatic;
				DEVELOPMENT_TEAM = VJ72TG9L7C;
				INFOPLIST_FILE = FoodTaskerMobileUITests/Info.plist;
				LD_RUNPATH_SEARCH_PATHS = (
					"$(inherited)",
					"@executable_path/Frameworks",
					"@loader_path/Frameworks",
				);
				PRODUCT_BUNDLE_IDENTIFIER = app.FoodTaskerMobileUITests;
				PRODUCT_NAME = "$(TARGET_NAME)";
				SWIFT_VERSION = 4.2;
				TARGETED_DEVICE_FAMILY = "1,2";
				TEST_TARGET_NAME = FoodTaskerMobile;
			};
			name = Debug;
		};
		500B82F121B926E500A6CC2B /* Release */ = {
			isa = XCBuildConfiguration;
			buildSettings = {
				ALWAYS_EMBED_SWIFT_STANDARD_LIBRARIES = YES;
				CODE_SIGN_STYLE = Automatic;
				DEVELOPMENT_TEAM = VJ72TG9L7C;
				INFOPLIST_FILE = FoodTaskerMobileUITests/Info.plist;
				LD_RUNPATH_SEARCH_PATHS = (
					"$(inherited)",
					"@executable_path/Frameworks",
					"@loader_path/Frameworks",
				);
				PRODUCT_BUNDLE_IDENTIFIER = app.FoodTaskerMobileUITests;
				PRODUCT_NAME = "$(TARGET_NAME)";
				SWIFT_VERSION = 4.2;
				TARGETED_DEVICE_FAMILY = "1,2";
				TEST_TARGET_NAME = FoodTaskerMobile;
			};
			name = Release;
		};
/* End XCBuildConfiguration section */

/* Begin XCConfigurationList section */
		500B82BC21B926E300A6CC2B /* Build configuration list for PBXProject "FoodTaskerMobile" */ = {
			isa = XCConfigurationList;
			buildConfigurations = (
				500B82E721B926E500A6CC2B /* Debug */,
				500B82E821B926E500A6CC2B /* Release */,
			);
			defaultConfigurationIsVisible = 0;
			defaultConfigurationName = Release;
		};
		500B82E921B926E500A6CC2B /* Build configuration list for PBXNativeTarget "FoodTaskerMobile" */ = {
			isa = XCConfigurationList;
			buildConfigurations = (
				500B82EA21B926E500A6CC2B /* Debug */,
				500B82EB21B926E500A6CC2B /* Release */,
			);
			defaultConfigurationIsVisible = 0;
			defaultConfigurationName = Release;
		};
		500B82EC21B926E500A6CC2B /* Build configuration list for PBXNativeTarget "FoodTaskerMobileTests" */ = {
			isa = XCConfigurationList;
			buildConfigurations = (
				500B82ED21B926E500A6CC2B /* Debug */,
				500B82EE21B926E500A6CC2B /* Release */,
			);
			defaultConfigurationIsVisible = 0;
			defaultConfigurationName = Release;
		};
		500B82EF21B926E500A6CC2B /* Build configuration list for PBXNativeTarget "FoodTaskerMobileUITests" */ = {
			isa = XCConfigurationList;
			buildConfigurations = (
				500B82F021B926E500A6CC2B /* Debug */,
				500B82F121B926E500A6CC2B /* Release */,
			);
			defaultConfigurationIsVisible = 0;
			defaultConfigurationName = Release;
		};
/* End XCConfigurationList section */
	};
	rootObject = 500B82B921B926E300A6CC2B /* Project object */;
}
